
Microsoft Visual Studio Solution File, Format Version 12.00
# Visual Studio Version 16
VisualStudioVersion = 16.0.32002.261
MinimumVisualStudioVersion = 10.0.40219.1
Project("{FAE04EC0-301F-11D3-BF4B-00C04F79EFBC}") = "BREYURIS", "BREYURIS\BREYURIS.csproj", "{411B9679-F98E-4E33-9FFD-14192CAFEA45}"
EndProject
Global
	GlobalSection(SolutionConfigurationPlatforms) = preSolution
		Debug|Any CPU = Debug|Any CPU
		Release|Any CPU = Release|Any CPU
	EndGlobalSection
	GlobalSection(ProjectConfigurationPlatforms) = postSolution
		{411B9679-F98E-4E33-9FFD-14192CAFEA45}.Debug|Any CPU.ActiveCfg = Debug|Any CPU
		{411B9679-F98E-4E33-9FFD-14192CAFEA45}.Debug|Any CPU.Build.0 = Debug|Any CPU
		{411B9679-F98E-4E33-9FFD-14192CAFEA45}.Release|Any CPU.ActiveCfg = Release|Any CPU
		{411B9679-F98E-4E33-9FFD-14192CAFEA45}.Release|Any CPU.Build.0 = Release|Any CPU
	EndGlobalSection
	GlobalSection(SolutionProperties) = preSolution
		HideSolutionNode = FALSE
	EndGlobalSection
	GlobalSection(ExtensibilityGlobals) = postSolution
		SolutionGuid = {B8B98B3B-F538-44EE-B456-4415F24D0106}
	EndGlobalSection
EndGlobal
